
Microsoft Visual Studio Solution File, Format Version 12.00
# Visual Studio 15
VisualStudioVersion = 15.0.28307.1500
MinimumVisualStudioVersion = 10.0.40219.1
Project("{FAE04EC0-301F-11D3-BF4B-00C04F79EFBC}") = "Uri_1096", "Uri_1096\Uri_1096.csproj", "{20A5D3AB-25FD-4EDA-9CA4-A1FAD8D5A6DC}"
EndProject
Global
	GlobalSection(SolutionConfigurationPlatforms) = preSolution
		Debug|Any CPU = Debug|Any CPU
		Release|Any CPU = Release|Any CPU
	EndGlobalSection
	GlobalSection(ProjectConfigurationPlatforms) = postSolution
		{20A5D3AB-25FD-4EDA-9CA4-A1FAD8D5A6DC}.Debug|Any CPU.ActiveCfg = Debug|Any CPU
		{20A5D3AB-25FD-4EDA-9CA4-A1FAD8D5A6DC}.Debug|Any CPU.Build.0 = Debug|Any CPU
		{20A5D3AB-25FD-4EDA-9CA4-A1FAD8D5A6DC}.Release|Any CPU.ActiveCfg = Release|Any CPU
		{20A5D3AB-25FD-4EDA-9CA4-A1FAD8D5A6DC}.Release|Any CPU.Build.0 = Release|Any CPU
	EndGlobalSection
	GlobalSection(SolutionProperties) = preSolution
		HideSolutionNode = FALSE
	EndGlobalSection
	GlobalSection(ExtensibilityGlobals) = postSolution
		SolutionGuid = {C0984FB4-00DB-4928-88FD-A5F48DE1373E}
	EndGlobalSection
EndGlobal
